
Microsoft Visual Studio Solution File, Format Version 12.00
# Visual Studio 14
VisualStudioVersion = 14.0.25420.1
MinimumVisualStudioVersion = 10.0.40219.1
Project("{FAE04EC0-301F-11D3-BF4B-00C04F79EFBC}") = "ToDoApp.Droid", "ToDoApp\ToDoApp.Droid\ToDoApp.Droid.csproj", "{00EC47E6-2C7C-443D-BABC-11BB7EBCC12B}"
EndProject
Project("{FAE04EC0-301F-11D3-BF4B-00C04F79EFBC}") = "ToDoApp.iOS", "ToDoApp\ToDoApp.iOS\ToDoApp.iOS.csproj", "{B621E56E-CBC2-4AFA-926C-9596E1D0E998}"
EndProject
Project("{FAE04EC0-301F-11D3-BF4B-00C04F79EFBC}") = "ToDoApp", "ToDoApp\ToDoApp\ToDoApp.csproj", "{6412C99C-DFBD-4621-806F-BF0EED2ED2AC}"
EndProject
Global
	GlobalSection(SolutionConfigurationPlatforms) = preSolution
		Ad-Hoc|Any CPU = Ad-Hoc|Any CPU
		Ad-Hoc|ARM = Ad-Hoc|ARM
		Ad-Hoc|iPhone = Ad-Hoc|iPhone
		Ad-Hoc|iPhoneSimulator = Ad-Hoc|iPhoneSimulator
		Ad-Hoc|x64 = Ad-Hoc|x64
		Ad-Hoc|x86 = Ad-Hoc|x86
		AppStore|Any CPU = AppStore|Any CPU
		AppStore|ARM = AppStore|ARM
		AppStore|iPhone = AppStore|iPhone
		AppStore|iPhoneSimulator = AppStore|iPhoneSimulator
		AppStore|x64 = AppStore|x64
		AppStore|x86 = AppStore|x86
		Debug|Any CPU = Debug|Any CPU
		Debug|ARM = Debug|ARM
		Debug|iPhone = Debug|iPhone
		Debug|iPhoneSimulator = Debug|iPhoneSimulator
		Debug|x64 = Debug|x64
		Debug|x86 = Debug|x86
		Release|Any CPU = Release|Any CPU
		Release|ARM = Release|ARM
		Release|iPhone = Release|iPhone
		Release|iPhoneSimulator = Release|iPhoneSimulator
		Release|x64 = Release|x64
		Release|x86 = Release|x86
	EndGlobalSection
	GlobalSection(ProjectConfigurationPlatforms) = postSolution
		{00EC47E6-2C7C-443D-BABC-11BB7EBCC12B}.Ad-Hoc|Any CPU.ActiveCfg = Release|Any CPU
		{00EC47E6-2C7C-443D-BABC-11BB7EBCC12B}.Ad-Hoc|Any CPU.Build.0 = Release|Any CPU
		{00EC47E6-2C7C-443D-BABC-11BB7EBCC12B}.Ad-Hoc|Any CPU.Deploy.0 = Release|Any CPU
		{00EC47E6-2C7C-443D-BABC-11BB7EBCC12B}.Ad-Hoc|ARM.ActiveCfg = Release|Any CPU
		{00EC47E6-2C7C-443D-BABC-11BB7EBCC12B}.Ad-Hoc|ARM.Build.0 = Release|Any CPU
		{00EC47E6-2C7C-443D-BABC-11BB7EBCC12B}.Ad-Hoc|ARM.Deploy.0 = Release|Any CPU
		{00EC47E6-2C7C-443D-BABC-11BB7EBCC12B}.Ad-Hoc|iPhone.ActiveCfg = Release|Any CPU
		{00EC47E6-2C7C-443D-BABC-11BB7EBCC12B}.Ad-Hoc|iPhone.Build.0 = Release|Any CPU
		{00EC47E6-2C7C-443D-BABC-11BB7EBCC12B}.Ad-Hoc|iPhone.Deploy.0 = Release|Any CPU
		{00EC47E6-2C7C-443D-BABC-11BB7EBCC12B}.Ad-Hoc|iPhoneSimulator.ActiveCfg = Release|Any CPU
		{00EC47E6-2C7C-443D-BABC-11BB7EBCC12B}.Ad-Hoc|iPhoneSimulator.Build.0 = Release|Any CPU
		{00EC47E6-2C7C-443D-BABC-11BB7EBCC12B}.Ad-Hoc|iPhoneSimulator.Deploy.0 = Release|Any CPU
		{00EC47E6-2C7C-443D-BABC-11BB7EBCC12B}.Ad-Hoc|x64.ActiveCfg = Release|Any CPU
		{00EC47E6-2C7C-443D-BABC-11BB7EBCC12B}.Ad-Hoc|x64.Build.0 = Release|Any CPU
		{00EC47E6-2C7C-443D-BABC-11BB7EBCC12B}.Ad-Hoc|x64.Deploy.0 = Release|Any CPU
		{00EC47E6-2C7C-443D-BABC-11BB7EBCC12B}.Ad-Hoc|x86.ActiveCfg = Release|Any CPU
		{00EC47E6-2C7C-443D-BABC-11BB7EBCC12B}.Ad-Hoc|x86.Build.0 = Release|Any CPU
		{00EC47E6-2C7C-443D-BABC-11BB7EBCC12B}.Ad-Hoc|x86.Deploy.0 = Release|Any CPU
		{00EC47E6-2C7C-443D-BABC-11BB7EBCC12B}.AppStore|Any CPU.ActiveCfg = Release|Any CPU
		{00EC47E6-2C7C-443D-BABC-11BB7EBCC12B}.AppStore|Any CPU.Build.0 = Release|Any CPU
		{00EC47E6-2C7C-443D-BABC-11BB7EBCC12B}.AppStore|Any CPU.Deploy.0 = Release|Any CPU
		{00EC47E6-2C7C-443D-BABC-11BB7EBCC12B}.AppStore|ARM.ActiveCfg = Release|Any CPU
		{00EC47E6-2C7C-443D-BABC-11BB7EBCC12B}.AppStore|ARM.Build.0 = Release|Any CPU
		{00EC47E6-2C7C-443D-BABC-11BB7EBCC12B}.AppStore|ARM.Deploy.0 = Release|Any CPU
		{00EC47E6-2C7C-443D-BABC-11BB7EBCC12B}.AppStore|iPhone.ActiveCfg = Release|Any CPU
		{00EC47E6-2C7C-443D-BABC-11BB7EBCC12B}.AppStore|iPhone.Build.0 = Release|Any CPU
		{00EC47E6-2C7C-443D-BABC-11BB7EBCC12B}.AppStore|iPhone.Deploy.0 = Release|Any CPU
		{00EC47E6-2C7C-443D-BABC-11BB7EBCC12B}.AppStore|iPhoneSimulator.ActiveCfg = Release|Any CPU
		{00EC47E6-2C7C-443D-BABC-11BB7EBCC12B}.AppStore|iPhoneSimulator.Build.0 = Release|Any CPU
		{00EC47E6-2C7C-443D-BABC-11BB7EBCC12B}.AppStore|iPhoneSimulator.Deploy.0 = Release|Any CPU
		{00EC47E6-2C7C-443D-BABC-11BB7EBCC12B}.AppStore|x64.ActiveCfg = Release|Any CPU
		{00EC47E6-2C7C-443D-BABC-11BB7EBCC12B}.AppStore|x64.Build.0 = Release|Any CPU
		{00EC47E6-2C7C-443D-BABC-11BB7EBCC12B}.AppStore|x64.Deploy.0 = Release|Any CPU
		{00EC47E6-2C7C-443D-BABC-11BB7EBCC12B}.AppStore|x86.ActiveCfg = Release|Any CPU
		{00EC47E6-2C7C-443D-BABC-11BB7EBCC12B}.AppStore|x86.Build.0 = Release|Any CPU
		{00EC47E6-2C7C-443D-BABC-11BB7EBCC12B}.AppStore|x86.Deploy.0 = Release|Any CPU
		{00EC47E6-2C7C-443D-BABC-11BB7EBCC12B}.Debug|Any CPU.ActiveCfg = Debug|Any CPU
		{00EC47E6-2C7C-443D-BABC-11BB7EBCC12B}.Debug|Any CPU.Build.0 = Debug|Any CPU
		{00EC47E6-2C7C-443D-BABC-11BB7EBCC12B}.Debug|Any CPU.Deploy.0 = Debug|Any CPU
		{00EC47E6-2C7C-443D-BABC-11BB7EBCC12B}.Debug|ARM.ActiveCfg = Debug|Any CPU
		{00EC47E6-2C7C-443D-BABC-11BB7EBCC12B}.Debug|ARM.Build.0 = Debug|Any CPU
		{00EC47E6-2C7C-443D-BABC-11BB7EBCC12B}.Debug|ARM.Deploy.0 = Debug|Any CPU
		{00EC47E6-2C7C-443D-BABC-11BB7EBCC12B}.Debug|iPhone.ActiveCfg = Debug|Any CPU
		{00EC47E6-2C7C-443D-BABC-11BB7EBCC12B}.Debug|iPhone.Build.0 = Debug|Any CPU
		{00EC47E6-2C7C-443D-BABC-11BB7EBCC12B}.Debug|iPhone.Deploy.0 = Debug|Any CPU
		{00EC47E6-2C7C-443D-BABC-11BB7EBCC12B}.Debug|iPhoneSimulator.ActiveCfg = Debug|Any CPU
		{00EC47E6-2C7C-443D-BABC-11BB7EBCC12B}.Debug|iPhoneSimulator.Build.0 = Debug|Any CPU
		{00EC47E6-2C7C-443D-BABC-11BB7EBCC12B}.Debug|iPhoneSimulator.Deploy.0 = Debug|Any CPU
		{00EC47E6-2C7C-443D-BABC-11BB7EBCC12B}.Debug|x64.ActiveCfg = Debug|Any CPU
		{00EC47E6-2C7C-443D-BABC-11BB7EBCC12B}.Debug|x64.Build.0 = Debug|Any CPU
		{00EC47E6-2C7C-443D-BABC-11BB7EBCC12B}.Debug|x64.Deploy.0 = Debug|Any CPU
		{00EC47E6-2C7C-443D-BABC-11BB7EBCC12B}.Debug|x86.ActiveCfg = Debug|Any CPU
		{00EC47E6-2C7C-443D-BABC-11BB7EBCC12B}.Debug|x86.Build.0 = Debug|Any CPU
		{00EC47E6-2C7C-443D-BABC-11BB7EBCC12B}.Debug|x86.Deploy.0 = Debug|Any CPU
		{00EC47E6-2C7C-443D-BABC-11BB7EBCC12B}.Release|Any CPU.ActiveCfg = Release|Any CPU
		{00EC47E6-2C7C-443D-BABC-11BB7EBCC12B}.Release|Any CPU.Build.0 = Release|Any CPU
		{00EC47E6-2C7C-443D-BABC-11BB7EBCC12B}.Release|Any CPU.Deploy.0 = Release|Any CPU
		{00EC47E6-2C7C-443D-BABC-11BB7EBCC12B}.Release|ARM.ActiveCfg = Release|Any CPU
		{00EC47E6-2C7C-443D-BABC-11BB7EBCC12B}.Release|ARM.Build.0 = Release|Any CPU
		{00EC47E6-2C7C-443D-BABC-11BB7EBCC12B}.Release|ARM.Deploy.0 = Release|Any CPU
		{00EC47E6-2C7C-443D-BABC-11BB7EBCC12B}.Release|iPhone.ActiveCfg = Release|Any CPU
		{00EC47E6-2C7C-443D-BABC-11BB7EBCC12B}.Release|iPhone.Build.0 = Release|Any CPU
		{00EC47E6-2C7C-443D-BABC-11BB7EBCC12B}.Release|iPhone.Deploy.0 = Release|Any CPU
		{00EC47E6-2C7C-443D-BABC-11BB7EBCC12B}.Release|iPhoneSimulator.ActiveCfg = Release|Any CPU
		{00EC47E6-2C7C-443D-BABC-11BB7EBCC12B}.Release|iPhoneSimulator.Build.0 = Release|Any CPU
		{00EC47E6-2C7C-443D-BABC-11BB7EBCC12B}.Release|iPhoneSimulator.Deploy.0 = Release|Any CPU
		{00EC47E6-2C7C-443D-BABC-11BB7EBCC12B}.Release|x64.ActiveCfg = Release|Any CPU
		{00EC47E6-2C7C-443D-BABC-11BB7EBCC12B}.Release|x64.Build.0 = Release|Any CPU
		{00EC47E6-2C7C-443D-BABC-11BB7EBCC12B}.Release|x64.Deploy.0 = Release|Any CPU
		{00EC47E6-2C7C-443D-BABC-11BB7EBCC12B}.Release|x86.ActiveCfg = Release|Any CPU
		{00EC47E6-2C7C-443D-BABC-11BB7EBCC12B}.Release|x86.Build.0 = Release|Any CPU
		{00EC47E6-2C7C-443D-BABC-11BB7EBCC12B}.Release|x86.Deploy.0 = Release|Any CPU
		{B621E56E-CBC2-4AFA-926C-9596E1D0E998}.Ad-Hoc|Any CPU.ActiveCfg = Ad-Hoc|iPhone
		{B621E56E-CBC2-4AFA-926C-9596E1D0E998}.Ad-Hoc|ARM.ActiveCfg = Ad-Hoc|iPhone
		{B621E56E-CBC2-4AFA-926C-9596E1D0E998}.Ad-Hoc|iPhone.ActiveCfg = Ad-Hoc|iPhone
		{B621E56E-CBC2-4AFA-926C-9596E1D0E998}.Ad-Hoc|iPhone.Build.0 = Ad-Hoc|iPhone
		{B621E56E-CBC2-4AFA-926C-9596E1D0E998}.Ad-Hoc|iPhoneSimulator.ActiveCfg = Ad-Hoc|iPhoneSimulator
		{B621E56E-CBC2-4AFA-926C-9596E1D0E998}.Ad-Hoc|iPhoneSimulator.Build.0 = Ad-Hoc|iPhoneSimulator
		{B621E56E-CBC2-4AFA-926C-9596E1D0E998}.Ad-Hoc|x64.ActiveCfg = Ad-Hoc|iPhone
		{B621E56E-CBC2-4AFA-926C-9596E1D0E998}.Ad-Hoc|x86.ActiveCfg = Ad-Hoc|iPhone
		{B621E56E-CBC2-4AFA-926C-9596E1D0E998}.AppStore|Any CPU.ActiveCfg = AppStore|iPhone
		{B621E56E-CBC2-4AFA-926C-9596E1D0E998}.AppStore|ARM.ActiveCfg = AppStore|iPhone
		{B621E56E-CBC2-4AFA-926C-9596E1D0E998}.AppStore|iPhone.ActiveCfg = AppStore|iPhone
		{B621E56E-CBC2-4AFA-926C-9596E1D0E998}.AppStore|iPhone.Build.0 = AppStore|iPhone
		{B621E56E-CBC2-4AFA-926C-9596E1D0E998}.AppStore|iPhoneSimulator.ActiveCfg = AppStore|iPhoneSimulator
		{B621E56E-CBC2-4AFA-926C-9596E1D0E998}.AppStore|iPhoneSimulator.Build.0 = AppStore|iPhoneSimulator
		{B621E56E-CBC2-4AFA-926C-9596E1D0E998}.AppStore|x64.ActiveCfg = AppStore|iPhone
		{B621E56E-CBC2-4AFA-926C-9596E1D0E998}.AppStore|x86.ActiveCfg = AppStore|iPhone
		{B621E56E-CBC2-4AFA-926C-9596E1D0E998}.Debug|Any CPU.ActiveCfg = Debug|iPhone
		{B621E56E-CBC2-4AFA-926C-9596E1D0E998}.Debug|ARM.ActiveCfg = Debug|iPhone
		{B621E56E-CBC2-4AFA-926C-9596E1D0E998}.Debug|iPhone.ActiveCfg = Debug|iPhone
		{B621E56E-CBC2-4AFA-926C-9596E1D0E998}.Debug|iPhone.Build.0 = Debug|iPhone
		{B621E56E-CBC2-4AFA-926C-9596E1D0E998}.Debug|iPhoneSimulator.ActiveCfg = Debug|iPhoneSimulator
		{B621E56E-CBC2-4AFA-926C-9596E1D0E998}.Debug|iPhoneSimulator.Build.0 = Debug|iPhoneSimulator
		{B621E56E-CBC2-4AFA-926C-9596E1D0E998}.Debug|x64.ActiveCfg = Debug|iPhone
		{B621E56E-CBC2-4AFA-926C-9596E1D0E998}.Debug|x86.ActiveCfg = Debug|iPhone
		{B621E56E-CBC2-4AFA-926C-9596E1D0E998}.Release|Any CPU.ActiveCfg = Release|iPhone
		{B621E56E-CBC2-4AFA-926C-9596E1D0E998}.Release|ARM.ActiveCfg = Release|iPhone
		{B621E56E-CBC2-4AFA-926C-9596E1D0E998}.Release|iPhone.ActiveCfg = Release|iPhone
		{B621E56E-CBC2-4AFA-926C-9596E1D0E998}.Release|iPhone.Build.0 = Release|iPhone
		{B621E56E-CBC2-4AFA-926C-9596E1D0E998}.Release|iPhoneSimulator.ActiveCfg = Release|iPhoneSimulator
		{B621E56E-CBC2-4AFA-926C-9596E1D0E998}.Release|iPhoneSimulator.Build.0 = Release|iPhoneSimulator
		{B621E56E-CBC2-4AFA-926C-9596E1D0E998}.Release|x64.ActiveCfg = Release|iPhone
		{B621E56E-CBC2-4AFA-926C-9596E1D0E998}.Release|x86.ActiveCfg = Release|iPhone
		{6412C99C-DFBD-4621-806F-BF0EED2ED2AC}.Ad-Hoc|Any CPU.ActiveCfg = Release|Any CPU
		{6412C99C-DFBD-4621-806F-BF0EED2ED2AC}.Ad-Hoc|Any CPU.Build.0 = Release|Any CPU
		{6412C99C-DFBD-4621-806F-BF0EED2ED2AC}.Ad-Hoc|ARM.ActiveCfg = Release|Any CPU
		{6412C99C-DFBD-4621-806F-BF0EED2ED2AC}.Ad-Hoc|ARM.Build.0 = Release|Any CPU
		{6412C99C-DFBD-4621-806F-BF0EED2ED2AC}.Ad-Hoc|iPhone.ActiveCfg = Release|Any CPU
		{6412C99C-DFBD-4621-806F-BF0EED2ED2AC}.Ad-Hoc|iPhone.Build.0 = Release|Any CPU
		{6412C99C-DFBD-4621-806F-BF0EED2ED2AC}.Ad-Hoc|iPhoneSimulator.ActiveCfg = Release|Any CPU
		{6412C99C-DFBD-4621-806F-BF0EED2ED2AC}.Ad-Hoc|iPhoneSimulator.Build.0 = Release|Any CPU
		{6412C99C-DFBD-4621-806F-BF0EED2ED2AC}.Ad-Hoc|x64.ActiveCfg = Release|Any CPU
		{6412C99C-DFBD-4621-806F-BF0EED2ED2AC}.Ad-Hoc|x64.Build.0 = Release|Any CPU
		{6412C99C-DFBD-4621-806F-BF0EED2ED2AC}.Ad-Hoc|x86.ActiveCfg = Release|Any CPU
		{6412C99C-DFBD-4621-806F-BF0EED2ED2AC}.Ad-Hoc|x86.Build.0 = Release|Any CPU
		{6412C99C-DFBD-4621-806F-BF0EED2ED2AC}.AppStore|Any CPU.ActiveCfg = Release|Any CPU
		{6412C99C-DFBD-4621-806F-BF0EED2ED2AC}.AppStore|Any CPU.Build.0 = Release|Any CPU
		{6412C99C-DFBD-4621-806F-BF0EED2ED2AC}.AppStore|ARM.ActiveCfg = Release|Any CPU
		{6412C99C-DFBD-4621-806F-BF0EED2ED2AC}.AppStore|ARM.Build.0 = Release|Any CPU
		{6412C99C-DFBD-4621-806F-BF0EED2ED2AC}.AppStore|iPhone.ActiveCfg = Release|Any CPU
		{6412C99C-DFBD-4621-806F-BF0EED2ED2AC}.AppStore|iPhone.Build.0 = Release|Any CPU
		{6412C99C-DFBD-4621-806F-BF0EED2ED2AC}.AppStore|iPhoneSimulator.ActiveCfg = Release|Any CPU
		{6412C99C-DFBD-4621-806F-BF0EED2ED2AC}.AppStore|iPhoneSimulator.Build.0 = Release|Any CPU
		{6412C99C-DFBD-4621-806F-BF0EED2ED2AC}.AppStore|x64.ActiveCfg = Release|Any CPU
		{6412C99C-DFBD-4621-806F-BF0EED2ED2AC}.AppStore|x64.Build.0 = Release|Any CPU
		{6412C99C-DFBD-4621-806F-BF0EED2ED2AC}.AppStore|x86.ActiveCfg = Release|Any CPU
		{6412C99C-DFBD-4621-806F-BF0EED2ED2AC}.AppStore|x86.Build.0 = Release|Any CPU
		{6412C99C-DFBD-4621-806F-BF0EED2ED2AC}.Debug|Any CPU.ActiveCfg = Debug|Any CPU
		{6412C99C-DFBD-4621-806F-BF0EED2ED2AC}.Debug|Any CPU.Build.0 = Debug|Any CPU
		{6412C99C-DFBD-4621-806F-BF0EED2ED2AC}.Debug|ARM.ActiveCfg = Debug|Any CPU
		{6412C99C-DFBD-4621-806F-BF0EED2ED2AC}.Debug|ARM.Build.0 = Debug|Any CPU
		{6412C99C-DFBD-4621-806F-BF0EED2ED2AC}.Debug|iPhone.ActiveCfg = Debug|Any CPU
		{6412C99C-DFBD-4621-806F-BF0EED2ED2AC}.Debug|iPhone.Build.0 = Debug|Any CPU
		{6412C99C-DFBD-4621-806F-BF0EED2ED2AC}.Debug|iPhoneSimulator.ActiveCfg = Debug|Any CPU
		{6412C99C-DFBD-4621-806F-BF0EED2ED2AC}.Debug|iPhoneSimulator.Build.0 = Debug|Any CPU
		{6412C99C-DFBD-4621-806F-BF0EED2ED2AC}.Debug|x64.ActiveCfg = Debug|Any CPU
		{6412C99C-DFBD-4621-806F-BF0EED2ED2AC}.Debug|x64.Build.0 = Debug|Any CPU
		{6412C99C-DFBD-4621-806F-BF0EED2ED2AC}.Debug|x86.ActiveCfg = Debug|Any CPU
		{6412C99C-DFBD-4621-806F-BF0EED2ED2AC}.Debug|x86.Build.0 = Debug|Any CPU
		{6412C99C-DFBD-4621-806F-BF0EED2ED2AC}.Release|Any CPU.ActiveCfg = Release|Any CPU
		{6412C99C-DFBD-4621-806F-BF0EED2ED2AC}.Release|Any CPU.Build.0 = Release|Any CPU
		{6412C99C-DFBD-4621-806F-BF0EED2ED2AC}.Release|ARM.ActiveCfg = Release|Any CPU
		{6412C99C-DFBD-4621-806F-BF0EED2ED2AC}.Release|ARM.Build.0 = Release|Any CPU
		{6412C99C-DFBD-4621-806F-BF0EED2ED2AC}.Release|iPhone.ActiveCfg = Release|Any CPU
		{6412C99C-DFBD-4621-806F-BF0EED2ED2AC}.Release|iPhone.Build.0 = Release|Any CPU
		{6412C99C-DFBD-4621-806F-BF0EED2ED2AC}.Release|iPhoneSimulator.ActiveCfg = Release|Any CPU
		{6412C99C-DFBD-4621-806F-BF0EED2ED2AC}.Release|iPhoneSimulator.Build.0 = Release|Any CPU
		{6412C99C-DFBD-4621-806F-BF0EED2ED2AC}.Release|x64.ActiveCfg = Release|Any CPU
		{6412C99C-DFBD-4621-806F-BF0EED2ED2AC}.Release|x64.Build.0 = Release|Any CPU
		{6412C99C-DFBD-4621-806F-BF0EED2ED2AC}.Release|x86.ActiveCfg = Release|Any CPU
		{6412C99C-DFBD-4621-806F-BF0EED2ED2AC}.Release|x86.Build.0 = Release|Any CPU
	EndGlobalSection
	GlobalSection(SolutionProperties) = preSolution
		HideSolutionNode = FALSE
	EndGlobalSection
EndGlobal
